
Microsoft Visual Studio Solution File, Format Version 12.00
# Visual Studio Version 17
VisualStudioVersion = 17.0.31903.59
MinimumVisualStudioVersion = 10.0.40219.1
Project("{FAE04EC0-301F-11D3-BF4B-00C04F79EFBC}") = "TaskNoteTracker", "TaskNoteTracker\TaskNoteTracker.csproj", "{78A97DAE-6128-4E2D-B09C-BEBE9001B564}"
EndProject
Project("{FAE04EC0-301F-11D3-BF4B-00C04F79EFBC}") = "TaskNoteTracker.Tests", "TaskNoteTracker.Tests\TaskNoteTracker.Tests.csproj", "{D386BAB1-DD86-489E-B628-50D9D93515E8}"
EndProject
Global
	GlobalSection(SolutionConfigurationPlatforms) = preSolution
		Debug|Any CPU = Debug|Any CPU
		Release|Any CPU = Release|Any CPU
	EndGlobalSection
	GlobalSection(SolutionProperties) = preSolution
		HideSolutionNode = FALSE
	EndGlobalSection
	GlobalSection(ProjectConfigurationPlatforms) = postSolution
		{78A97DAE-6128-4E2D-B09C-BEBE9001B564}.Debug|Any CPU.ActiveCfg = Debug|Any CPU
		{78A97DAE-6128-4E2D-B09C-BEBE9001B564}.Debug|Any CPU.Build.0 = Debug|Any CPU
		{78A97DAE-6128-4E2D-B09C-BEBE9001B564}.Release|Any CPU.ActiveCfg = Release|Any CPU
		{78A97DAE-6128-4E2D-B09C-BEBE9001B564}.Release|Any CPU.Build.0 = Release|Any CPU
		{D386BAB1-DD86-489E-B628-50D9D93515E8}.Debug|Any CPU.ActiveCfg = Debug|Any CPU
		{D386BAB1-DD86-489E-B628-50D9D93515E8}.Debug|Any CPU.Build.0 = Debug|Any CPU
		{D386BAB1-DD86-489E-B628-50D9D93515E8}.Release|Any CPU.ActiveCfg = Release|Any CPU
		{D386BAB1-DD86-489E-B628-50D9D93515E8}.Release|Any CPU.Build.0 = Release|Any CPU
	EndGlobalSection
EndGlobal
